lockfileVersion: 5.4

specifiers:
  '@dusk-network/button': workspace:*
  '@dusk-network/group': workspace:*
  '@dusk-network/helpers': workspace:*
  '@dusk-network/icon': workspace:*

devDependencies:
  '@dusk-network/button': link:../../molecules/button
  '@dusk-network/group': link:../../molecules/group
  '@dusk-network/helpers': link:../../helpers
  '@dusk-network/icon': link:../../atoms/icon
