lockfileVersion: 5.4

specifiers:
  '@dusk-network/accordion': workspace:*
  '@dusk-network/address': workspace:*
  '@dusk-network/alert': workspace:*
  '@dusk-network/balance': workspace:*
  '@dusk-network/breadcrumb': workspace:*
  '@dusk-network/button': workspace:*
  '@dusk-network/card': workspace:*
  '@dusk-network/chart': workspace:*
  '@dusk-network/chip': workspace:*
  '@dusk-network/content': workspace:*
  '@dusk-network/control': workspace:*
  '@dusk-network/cookie-banner': workspace:*
  '@dusk-network/cta-list': workspace:*
  '@dusk-network/date-text': workspace:*
  '@dusk-network/default': workspace:*
  '@dusk-network/detail-list': workspace:*
  '@dusk-network/devops-centered': workspace:*
  '@dusk-network/devops-dashboard': workspace:*
  '@dusk-network/disclaimer-list': workspace:*
  '@dusk-network/drop-down': workspace:*
  '@dusk-network/error-block': workspace:*
  '@dusk-network/explorer-charts': workspace:*
  '@dusk-network/explorer-detail': workspace:*
  '@dusk-network/explorer-homepage': workspace:*
  '@dusk-network/explorer-list': workspace:*
  '@dusk-network/extension-default': workspace:*
  '@dusk-network/file-upload': workspace:*
  '@dusk-network/footer': workspace:*
  '@dusk-network/form': workspace:*
  '@dusk-network/gauge': workspace:*
  '@dusk-network/group': workspace:*
  '@dusk-network/heading': workspace:*
  '@dusk-network/helpers': workspace:*
  '@dusk-network/hero': workspace:*
  '@dusk-network/icon': workspace:*
  '@dusk-network/loading-indicator': workspace:*
  '@dusk-network/logo': workspace:*
  '@dusk-network/media-content': workspace:*
  '@dusk-network/menu': workspace:*
  '@dusk-network/message-banner': workspace:*
  '@dusk-network/meta': workspace:*
  '@dusk-network/mnemonic': workspace:*
  '@dusk-network/navbar': workspace:*
  '@dusk-network/pagination': workspace:*
  '@dusk-network/password-strength': workspace:*
  '@dusk-network/progress-bar': workspace:*
  '@dusk-network/qr-code': workspace:*
  '@dusk-network/rich-text': workspace:*
  '@dusk-network/search-list': workspace:*
  '@dusk-network/skeleton-loader': workspace:*
  '@dusk-network/slider': workspace:*
  '@dusk-network/statistic': workspace:*
  '@dusk-network/step-list': workspace:*
  '@dusk-network/styles': workspace:*
  '@dusk-network/table': workspace:*
  '@dusk-network/text-field': workspace:*
  '@dusk-network/toggle': workspace:*
  '@dusk-network/truncate-text': workspace:*
  '@dusk-network/wizard': workspace:*
  '@sveltestack/svelte-query': ^1.6.0
  broadcast-channel: ^4.11.0

optionalDependencies:
  '@sveltestack/svelte-query': 1.6.0_broadcast-channel@4.13.0
  broadcast-channel: 4.13.0

devDependencies:
  '@dusk-network/accordion': link:../packages/organisms/accordion
  '@dusk-network/address': link:../packages/atoms/address
  '@dusk-network/alert': link:../packages/molecules/alert
  '@dusk-network/balance': link:../packages/atoms/balance
  '@dusk-network/breadcrumb': link:../packages/molecules/breadcrumb
  '@dusk-network/button': link:../packages/molecules/button
  '@dusk-network/card': link:../packages/organisms/card
  '@dusk-network/chart': link:../packages/molecules/chart
  '@dusk-network/chip': link:../packages/atoms/chip
  '@dusk-network/content': link:../packages/molecules/content
  '@dusk-network/control': link:../packages/molecules/control
  '@dusk-network/cookie-banner': link:../packages/organisms/cookie-banner
  '@dusk-network/cta-list': link:../packages/molecules/cta-list
  '@dusk-network/date-text': link:../packages/atoms/date-text
  '@dusk-network/default': link:../packages/templates/default
  '@dusk-network/detail-list': link:../packages/molecules/detail-list
  '@dusk-network/devops-centered': link:../packages/templates/devops-centered
  '@dusk-network/devops-dashboard': link:../packages/templates/devops-dashboard
  '@dusk-network/disclaimer-list': link:../packages/molecules/disclaimer-list
  '@dusk-network/drop-down': link:../packages/atoms/drop-down
  '@dusk-network/error-block': link:../packages/organisms/error-block
  '@dusk-network/explorer-charts': link:../packages/templates/explorer-charts
  '@dusk-network/explorer-detail': link:../packages/templates/explorer-detail
  '@dusk-network/explorer-homepage': link:../packages/templates/explorer-homepage
  '@dusk-network/explorer-list': link:../packages/templates/explorer-list
  '@dusk-network/extension-default': link:../packages/templates/extension-default
  '@dusk-network/file-upload': link:../packages/molecules/file-upload
  '@dusk-network/footer': link:../packages/organisms/footer
  '@dusk-network/form': link:../packages/organisms/form
  '@dusk-network/gauge': link:../packages/atoms/gauge
  '@dusk-network/group': link:../packages/molecules/group
  '@dusk-network/heading': link:../packages/molecules/heading
  '@dusk-network/helpers': link:../packages/helpers
  '@dusk-network/hero': link:../packages/organisms/hero
  '@dusk-network/icon': link:../packages/atoms/icon
  '@dusk-network/loading-indicator': link:../packages/atoms/loading-indicator
  '@dusk-network/logo': link:../packages/atoms/logo
  '@dusk-network/media-content': link:../packages/molecules/media-content
  '@dusk-network/menu': link:../packages/molecules/menu
  '@dusk-network/message-banner': link:../packages/organisms/message-banner
  '@dusk-network/meta': link:../meta
  '@dusk-network/mnemonic': link:../packages/molecules/mnemonic
  '@dusk-network/navbar': link:../packages/organisms/navbar
  '@dusk-network/pagination': link:../packages/molecules/pagination
  '@dusk-network/password-strength': link:../packages/molecules/password-strength
  '@dusk-network/progress-bar': link:../packages/atoms/progress-bar
  '@dusk-network/qr-code': link:../packages/atoms/qr-code
  '@dusk-network/rich-text': link:../packages/atoms/rich-text
  '@dusk-network/search-list': link:../packages/organisms/search-list
  '@dusk-network/skeleton-loader': link:../packages/atoms/skeleton-loader
  '@dusk-network/slider': link:../packages/atoms/slider
  '@dusk-network/statistic': link:../packages/molecules/statistic
  '@dusk-network/step-list': link:../packages/molecules/step-list
  '@dusk-network/styles': link:../packages/styles
  '@dusk-network/table': link:../packages/organisms/table
  '@dusk-network/text-field': link:../packages/atoms/text-field
  '@dusk-network/toggle': link:../packages/atoms/toggle
  '@dusk-network/truncate-text': link:../packages/atoms/truncate-text
  '@dusk-network/wizard': link:../packages/organisms/wizard

packages:

  /@babel/runtime/7.18.6:
    resolution: {integrity: sha512-t9wi7/AW6XtKahAe20Yw0/mMljKq0B1r2fPdvaAdV/KPDZewFXdaaa6K7lxmZBZ8FBNpCiAT6iHPmd6QO9bKfQ==}
    engines: {node: '>=6.9.0'}
    dependencies:
      regenerator-runtime: 0.13.9
    dev: false
    optional: true

  /@sveltestack/svelte-query/1.6.0_broadcast-channel@4.13.0:
    resolution: {integrity: sha512-C0wWuh6av1zu3Pzwrg6EQmX3BhDZQ4gMAdYu6Tfv4bjbEZTB00uEDz52z92IZdONh+iUKuyo0xRZ2e16k2Xifg==}
    requiresBuild: true
    peerDependencies:
      broadcast-channel: ^4.5.0
    peerDependenciesMeta:
      broadcast-channel:
        optional: true
    dependencies:
      broadcast-channel: 4.13.0
    dev: false
    optional: true

  /balanced-match/1.0.2:
    resolution: {integrity: sha512-3oSeUO0TMV67hN1AmbXsK4yaqU7tjiHlbxRDZOpH0KW9+CeX4bRAaX0Anxt0tx2MrpRpWwQaPwIlISEJhYU5Pw==}
    dev: false
    optional: true

  /brace-expansion/1.1.11:
    resolution: {integrity: sha512-iCuPHDFgrHX7H2vEI/5xpz07zSHB00TpugqhmYtVmMO6518mCuRMoOYFldEBl0g187ufozdaHgWKcYFb61qGiA==}
    dependencies:
      balanced-match: 1.0.2
      concat-map: 0.0.1
    dev: false
    optional: true

  /broadcast-channel/4.13.0:
    resolution: {integrity: sha512-fcDr8QNJ4SOb6jyjUNZatVNmcHtSWfW4PFcs4xIEFZAtorKCIFoEYtjIjaQ4c0jrbr/Bl8NIwOWiLSyspoAnEQ==}
    requiresBuild: true
    dependencies:
      '@babel/runtime': 7.18.6
      detect-node: 2.1.0
      microtime: 3.0.0
      oblivious-set: 1.1.1
      p-queue: 6.6.2
      rimraf: 3.0.2
      unload: 2.3.1
    dev: false
    optional: true

  /concat-map/0.0.1:
    resolution: {integrity: sha512-/Srv4dswyQNBfohGpz9o6Yb3Gz3SrUDqBH5rTuhGR7ahtlbYKnVxw2bCFMRljaA7EXHaXZ8wsHdodFvbkhKmqg==}
    dev: false
    optional: true

  /detect-node/2.1.0:
    resolution: {integrity: sha512-T0NIuQpnTvFDATNuHN5roPwSBG83rFsuO+MXXH9/3N1eFbn4wcPjttvjMLEPWJ0RGUYgQE7cGgS3tNxbqCGM7g==}
    dev: false
    optional: true

  /eventemitter3/4.0.7:
    resolution: {integrity: sha512-8guHBZCwKnFhYdHr2ysuRWErTwhoN2X8XELRlrRwpmfeY2jjuUN4taQMsULKUVo1K4DvZl+0pgfyoysHxvmvEw==}
    dev: false
    optional: true

  /fs.realpath/1.0.0:
    resolution: {integrity: sha512-OO0pH2lK6a0hZnAdau5ItzHPI6pUlvI7jMVnxUQRtw4owF2wk8lOSabtGDCTP4Ggrg2MbGnWO9X8K1t4+fGMDw==}
    dev: false
    optional: true

  /glob/7.2.3:
    resolution: {integrity: sha512-nFR0zLpU2YCaRxwoCJvL6UvCH2JFyFVIvwTLsIf21AuHlMskA1hhTdk+LlYJtOlYt9v6dvszD2BGRqBL+iQK9Q==}
    dependencies:
      fs.realpath: 1.0.0
      inflight: 1.0.6
      inherits: 2.0.4
      minimatch: 3.1.2
      once: 1.4.0
      path-is-absolute: 1.0.1
    dev: false
    optional: true

  /inflight/1.0.6:
    resolution: {integrity: sha512-k92I/b08q4wvFscXCLvqfsHCrjrF7yiXsQuIVvVE7N82W3+aqpzuUdBbfhWcy/FZR3/4IgflMgKLOsvPDrGCJA==}
    dependencies:
      once: 1.4.0
      wrappy: 1.0.2
    dev: false
    optional: true

  /inherits/2.0.4:
    resolution: {integrity: sha512-k/vGaX4/Yla3WzyMCvTQOXYeIHvqOKtnqBduzTHpzpQZzAskKMhZ2K+EnBiSM9zGSoIFeMpXKxa4dYeZIQqewQ==}
    dev: false
    optional: true

  /microtime/3.0.0:
    resolution: {integrity: sha512-SirJr7ZL4ow2iWcb54bekS4aWyBQNVcEDBiwAz9D/sTgY59A+uE8UJU15cp5wyZmPBwg/3zf8lyCJ5NUe1nVlQ==}
    engines: {node: '>= 4.0.0'}
    requiresBuild: true
    dependencies:
      node-addon-api: 1.7.2
      node-gyp-build: 3.9.0
    dev: false
    optional: true

  /minimatch/3.1.2:
    resolution: {integrity: sha512-J7p63hRiAjw1NDEww1W7i37+ByIrOWO5XQQAzZ3VOcL0PNybwpfmV/N05zFAzwQ9USyEcX6t3UO+K5aqBQOIHw==}
    dependencies:
      brace-expansion: 1.1.11
    dev: false
    optional: true

  /node-addon-api/1.7.2:
    resolution: {integrity: sha512-ibPK3iA+vaY1eEjESkQkM0BbCqFOaZMiXRTtdB0u7b4djtY6JnsjvPdUHVMg6xQt3B8fpTTWHI9A+ADjM9frzg==}
    dev: false
    optional: true

  /node-gyp-build/3.9.0:
    resolution: {integrity: sha512-zLcTg6P4AbcHPq465ZMFNXx7XpKKJh+7kkN699NiQWisR2uWYOWNWqRHAmbnmKiL4e9aLSlmy5U7rEMUXV59+A==}
    hasBin: true
    dev: false
    optional: true

  /oblivious-set/1.1.1:
    resolution: {integrity: sha512-Oh+8fK09mgGmAshFdH6hSVco6KZmd1tTwNFWj35OvzdmJTMZtAkbn05zar2iG3v6sDs1JLEtOiBGNb6BHwkb2w==}
    dev: false
    optional: true

  /once/1.4.0:
    resolution: {integrity: sha512-lNaJgI+2Q5URQBkccEKHTQOPaXdUxnZZElQTZY0MFUAuaEqe1E+Nyvgdz/aIyNi6Z9MzO5dv1H8n58/GELp3+w==}
    dependencies:
      wrappy: 1.0.2
    dev: false
    optional: true

  /p-finally/1.0.0:
    resolution: {integrity: sha512-LICb2p9CB7FS+0eR1oqWnHhp0FljGLZCWBE9aix0Uye9W8LTQPwMTYVGWQWIw9RdQiDg4+epXQODwIYJtSJaow==}
    engines: {node: '>=4'}
    dev: false
    optional: true

  /p-queue/6.6.2:
    resolution: {integrity: sha512-RwFpb72c/BhQLEXIZ5K2e+AhgNVmIejGlTgiB9MzZ0e93GRvqZ7uSi0dvRF7/XIXDeNkra2fNHBxTyPDGySpjQ==}
    engines: {node: '>=8'}
    dependencies:
      eventemitter3: 4.0.7
      p-timeout: 3.2.0
    dev: false
    optional: true

  /p-timeout/3.2.0:
    resolution: {integrity: sha512-rhIwUycgwwKcP9yTOOFK/AKsAopjjCakVqLHePO3CC6Mir1Z99xT+R63jZxAT5lFZLa2inS5h+ZS2GvR99/FBg==}
    engines: {node: '>=8'}
    dependencies:
      p-finally: 1.0.0
    dev: false
    optional: true

  /path-is-absolute/1.0.1:
    resolution: {integrity: sha512-AVbw3UJ2e9bq64vSaS9Am0fje1Pa8pbGqTTsmXfaIiMpnr5DlDhfJOuLj9Sf95ZPVDAUerDfEk88MPmPe7UCQg==}
    engines: {node: '>=0.10.0'}
    dev: false
    optional: true

  /regenerator-runtime/0.13.9:
    resolution: {integrity: sha512-p3VT+cOEgxFsRRA9X4lkI1E+k2/CtnKtU4gcxyaCUreilL/vqI6CdZ3wxVUx3UOUg+gnUOQQcRI7BmSI656MYA==}
    dev: false
    optional: true

  /rimraf/3.0.2:
    resolution: {integrity: sha512-JZkJMZkAGFFPP2YqXZXPbMlMBgsxzE8ILs4lMIX/2o0L9UBw9O/Y3o6wFw/i9YLapcUJWwqbi3kdxIPdC62TIA==}
    hasBin: true
    dependencies:
      glob: 7.2.3
    dev: false
    optional: true

  /unload/2.3.1:
    resolution: {integrity: sha512-MUZEiDqvAN9AIDRbbBnVYVvfcR6DrjCqeU2YQMmliFZl9uaBUjTkhuDQkBiyAy8ad5bx1TXVbqZ3gg7namsWjA==}
    dependencies:
      '@babel/runtime': 7.18.6
      detect-node: 2.1.0
    dev: false
    optional: true

  /wrappy/1.0.2:
    resolution: {integrity: sha512-l4Sp/DRseor9wL6EvV2+TuQn63dMkPjZ/sp9XkghTEbV9KlPS1xUsZ3u7/IQO4wxtcFB4bgpQPRcR3QCvezPcQ==}
    dev: false
    optional: true
